
Microsoft Visual Studio Solution File, Format Version 12.00
# Visual Studio Version 16
VisualStudioVersion = 25.0.1705.4
MinimumVisualStudioVersion = 10.0.40219.1
Project("{FAE04EC0-301F-11D3-BF4B-00C04F79EFBC}") = "Products_Console_w_Display", "Products_Console_w_Display.csproj", "{60379BE5-02DF-4400-8BDB-132E596A3E43}"
EndProject
Global
	GlobalSection(SolutionConfigurationPlatforms) = preSolution
		Debug|Any CPU = Debug|Any CPU
		Release|Any CPU = Release|Any CPU
	EndGlobalSection
	GlobalSection(ProjectConfigurationPlatforms) = postSolution
		{60379BE5-02DF-4400-8BDB-132E596A3E43}.Debug|Any CPU.ActiveCfg = Debug|Any CPU
		{60379BE5-02DF-4400-8BDB-132E596A3E43}.Debug|Any CPU.Build.0 = Debug|Any CPU
		{60379BE5-02DF-4400-8BDB-132E596A3E43}.Release|Any CPU.ActiveCfg = Release|Any CPU
		{60379BE5-02DF-4400-8BDB-132E596A3E43}.Release|Any CPU.Build.0 = Release|Any CPU
	EndGlobalSection
	GlobalSection(SolutionProperties) = preSolution
		HideSolutionNode = FALSE
	EndGlobalSection
	GlobalSection(ExtensibilityGlobals) = postSolution
		SolutionGuid = {D6A3C292-A0EF-4B00-9D79-D4B6E365C93C}
	EndGlobalSection
EndGlobal
